{
  "requires": true,
  "lockfileVersion": 1,
  "dependencies": {
    "@ckeditor/ckeditor5-build-classic": {
      "version": "12.3.1",
      "resolved": "https://registry.npmjs.org/@ckeditor/ckeditor5-build-classic/-/ckeditor5-build-classic-12.3.1.tgz",
      "integrity": "sha512-nlE8wRasM3AF2XkXHJuj91cq46ZvmTBfXePCtjogT8s/niYlFma+Lqu7cAUONxRXh11m1IpgC6i+QOGFZH0p8A=="
    },
    "gijgo": {
      "version": "1.9.10",
      "resolved": "https://registry.npmjs.org/gijgo/-/gijgo-1.9.10.tgz",
      "integrity": "sha512-RBX8uF4OVlVtyBcWbf+OWlw4xDtnG9TKgxf72gZNYH3P0Q4BOdaPGXiB10Ro6ZofExoMq/WdmKpboQ9QdM8yMA==",
      "requires": {
        "jquery": "^3.2.1"
      }
    },
    "jquery": {
      "version": "3.3.1",
      "resolved": "https://registry.npmjs.org/jquery/-/jquery-3.3.1.tgz",
      "integrity": "sha512-Ubldcmxp5np52/ENotGxlLe6aGMvmF4R8S6tZjsP6Knsaxd/xp3Zrh50cG93lR6nPXyUFwzN3ZSOQI0wRJNdGg=="
    }
  }
}
